<Solution>
  <Folder Name="/Solution Items/">
    <File Path="TextFile1.txt" />
  </Folder>
  <Project Path="ClassLibrarySystem/ClassLibrarySystem.csproj" Id="cb866698-d61c-4261-81be-9799db51947d" />
  <Project Path="ConsoleApp1/ConsoleApp1.csproj" Id="797c5fa0-5c8f-41cd-802c-df1382e961b0" />
  <Project Path="ConsoleAppGenerics/ConsoleAppGenerics.csproj" Id="61068564-e66b-4f20-a256-afa12f3cd6da" />
  <Project Path="ConstructorExamples/ConstructorExamples.csproj" Id="82b6c1c4-246c-44c9-9800-fe44bcdc0999" />
  <Project Path="Delegates/Delegates.csproj" Id="fd60e867-41a2-4780-a567-2316334312fc" />
  <Project Path="DestructorExample/DestructorExample.csproj" Id="686d347c-94af-4880-974f-dfe97d203ebb" />
  <Project Path="ErrosHandling/ErrosHandling.csproj" Id="c849d1fb-5000-4848-a313-523ecb507ca0" />
  <Project Path="Inheritance/Inheritance.csproj" Id="b8413042-10b9-4c35-a4b5-3c260acbdd37" />
  <Project Path="MathsSystem/MathsSystem.csproj" Id="9009a0ee-8e43-4768-9f13-12305df97ec1" />
  <Project Path="OopsConsoleApp7PM/OopsConsoleApp7PM.csproj" />
  <Project Path="Polymorphism/Polymorphism.csproj" Id="8cd0b39f-b849-4db8-b455-3a1d3861a798" />
  <Project Path="SuhanaSystem/SuhanaSystem.csproj" Id="5eb92213-2f64-41b8-938f-c8f73f62ca20" />
</Solution>
